
Microsoft Visual Studio Solution File, Format Version 12.00
# Visual Studio 14
VisualStudioVersion = 14.0.25420.1
MinimumVisualStudioVersion = 10.0.40219.1
Project("{FAE04EC0-301F-11D3-BF4B-00C04F79EFBC}") = "Sever.WEB", "server\Sever.WEB.csproj", "{30DE2E7F-6B23-438C-8A03-2B3161C04073}"
EndProject
Project("{FAE04EC0-301F-11D3-BF4B-00C04F79EFBC}") = "Server.DAL", "server.DAL\Server.DAL.csproj", "{78890601-9A3A-4F34-80AB-AB44C0B78E86}"
EndProject
Project("{FAE04EC0-301F-11D3-BF4B-00C04F79EFBC}") = "Server.BLL", "server.BLL\Server.BLL.csproj", "{F5DB3A94-7C6F-41F5-98A9-11946DA8F693}"
EndProject
Global
	GlobalSection(SolutionConfigurationPlatforms) = preSolution
		Debug|Any CPU = Debug|Any CPU
		Release|Any CPU = Release|Any CPU
	EndGlobalSection
	GlobalSection(ProjectConfigurationPlatforms) = postSolution
		{30DE2E7F-6B23-438C-8A03-2B3161C04073}.Debug|Any CPU.ActiveCfg = Debug|Any CPU
		{30DE2E7F-6B23-438C-8A03-2B3161C04073}.Debug|Any CPU.Build.0 = Debug|Any CPU
		{30DE2E7F-6B23-438C-8A03-2B3161C04073}.Release|Any CPU.ActiveCfg = Release|Any CPU
		{30DE2E7F-6B23-438C-8A03-2B3161C04073}.Release|Any CPU.Build.0 = Release|Any CPU
		{78890601-9A3A-4F34-80AB-AB44C0B78E86}.Debug|Any CPU.ActiveCfg = Debug|Any CPU
		{78890601-9A3A-4F34-80AB-AB44C0B78E86}.Debug|Any CPU.Build.0 = Debug|Any CPU
		{78890601-9A3A-4F34-80AB-AB44C0B78E86}.Release|Any CPU.ActiveCfg = Release|Any CPU
		{78890601-9A3A-4F34-80AB-AB44C0B78E86}.Release|Any CPU.Build.0 = Release|Any CPU
		{F5DB3A94-7C6F-41F5-98A9-11946DA8F693}.Debug|Any CPU.ActiveCfg = Debug|Any CPU
		{F5DB3A94-7C6F-41F5-98A9-11946DA8F693}.Debug|Any CPU.Build.0 = Debug|Any CPU
		{F5DB3A94-7C6F-41F5-98A9-11946DA8F693}.Release|Any CPU.ActiveCfg = Release|Any CPU
		{F5DB3A94-7C6F-41F5-98A9-11946DA8F693}.Release|Any CPU.Build.0 = Release|Any CPU
	EndGlobalSection
	GlobalSection(SolutionProperties) = preSolution
		HideSolutionNode = FALSE
	EndGlobalSection
EndGlobal
